// !$*UTF8*$!
{
	archiveVersion = 1;
	classes = {
	};
	objectVersion = 51;
	objects = {

/* Begin PBXBuildFile section */
		755B7A0E87B8A8291CAC16E9 /* Pods_Youtube_Music.framework in Frameworks */ = {isa = PBXBuildFile; fileRef = 226201F2E09588CE8EB5708A /* Pods_Youtube_Music.framework */; };
		D51FEBD12659EB4C00BA9E0C /* GoogleService-Info.plist in Resources */ = {isa = PBXBuildFile; fileRef = D51FEBD02659EB4C00BA9E0C /* GoogleService-Info.plist */; };
		D51FEBD7265A3C0900BA9E0C /* PlayerViewController.swift in Sources */ = {isa = PBXBuildFile; fileRef = D51FEBD6265A3C0900BA9E0C /* PlayerViewController.swift */; };
		D51FEBD9265B4A2900BA9E0C /* Auth.swift in Sources */ = {isa = PBXBuildFile; fileRef = D51FEBD8265B4A2900BA9E0C /* Auth.swift */; };
		D51FEBDB265B5BBA00BA9E0C /* UserViewController.swift in Sources */ = {isa = PBXBuildFile; fileRef = D51FEBDA265B5BBA00BA9E0C /* UserViewController.swift */; };
		D55256F726575F9B0047CED1 /* LoginViewController.swift in Sources */ = {isa = PBXBuildFile; fileRef = D55256F626575F9B0047CED1 /* LoginViewController.swift */; };
		D55256FD265763FD0047CED1 /* RegisterViewController.swift in Sources */ = {isa = PBXBuildFile; fileRef = D55256FC265763FD0047CED1 /* RegisterViewController.swift */; };
		D5525700265793580047CED1 /* Helpers.swift in Sources */ = {isa = PBXBuildFile; fileRef = D55256FF265793580047CED1 /* Helpers.swift */; };
		D55257032658D4CB0047CED1 /* User.swift in Sources */ = {isa = PBXBuildFile; fileRef = D55257022658D4CB0047CED1 /* User.swift */; };
		D5EF03822650C39800F89662 /* AppDelegate.swift in Sources */ = {isa = PBXBuildFile; fileRef = D5EF03812650C39800F89662 /* AppDelegate.swift */; };
		D5EF03842650C39800F89662 /* HomeViewController.swift in Sources */ = {isa = PBXBuildFile; fileRef = D5EF03832650C39800F89662 /* HomeViewController.swift */; };
		D5EF03872650C39800F89662 /* Main.storyboard in Resources */ = {isa = PBXBuildFile; fileRef = D5EF03852650C39800F89662 /* Main.storyboard */; };
		D5EF03892650C42100F89662 /* Assets.xcassets in Resources */ = {isa = PBXBuildFile; fileRef = D5EF03882650C42100F89662 /* Assets.xcassets */; };
		D5EF038C2650C42100F89662 /* LaunchScreen.storyboard in Resources */ = {isa = PBXBuildFile; fileRef = D5EF038A2650C42100F89662 /* LaunchScreen.storyboard */; };
		D5EF03972650C42500F89662 /* Youtube_MusicTests.swift in Sources */ = {isa = PBXBuildFile; fileRef = D5EF03962650C42500F89662 /* Youtube_MusicTests.swift */; };
		D5EF03A22650C42600F89662 /* Youtube_MusicUITests.swift in Sources */ = {isa = PBXBuildFile; fileRef = D5EF03A12650C42600F89662 /* Youtube_MusicUITests.swift */; };
/* End PBXBuildFile section */

/* Begin PBXContainerItemProxy section */
		D5EF03932650C42400F89662 /* PBXContainerItemProxy */ = {
			isa = PBXContainerItemProxy;
			containerPortal = D5EF03762650C39600F89662 /* Project object */;
			proxyType = 1;
			remoteGlobalIDString = D5EF037D2650C39700F89662;
			remoteInfo = "Youtube Music";
		};
		D5EF039E2650C42500F89662 /* PBXContainerItemProxy */ = {
			isa = PBXContainerItemProxy;
			containerPortal = D5EF03762650C39600F89662 /* Project object */;
			proxyType = 1;
			remoteGlobalIDString = D5EF037D2650C39700F89662;
			remoteInfo = "Youtube Music";
		};
/* End PBXContainerItemProxy section */

/* Begin PBXFileReference section */
		226201F2E09588CE8EB5708A /* Pods_Youtube_Music.framework */ = {isa = PBXFileReference; explicitFileType = wrapper.framework; includeInIndex = 0; path = Pods_Youtube_Music.framework; sourceTree = BUILT_PRODUCTS_DIR; };
		43D8AC71398B0E4E7682D6F3 /* Pods-Youtube Music.release.xcconfig */ = {isa = PBXFileReference; includeInIndex = 1; lastKnownFileType = text.xcconfig; name = "Pods-Youtube Music.release.xcconfig"; path = "Target Support Files/Pods-Youtube Music/Pods-Youtube Music.release.xcconfig"; sourceTree = "<group>"; };
		B9CB5C0D5EB75CBA94D0B618 /* Pods-Youtube Music.debug.xcconfig */ = {isa = PBXFileReference; includeInIndex = 1; lastKnownFileType = text.xcconfig; name = "Pods-Youtube Music.debug.xcconfig"; path = "Target Support Files/Pods-Youtube Music/Pods-Youtube Music.debug.xcconfig"; sourceTree = "<group>"; };
		D51FEBD02659EB4C00BA9E0C /* GoogleService-Info.plist */ = {isa = PBXFileReference; fileEncoding = 4; lastKnownFileType = text.plist.xml; name = "GoogleService-Info.plist"; path = "Assets/GoogleService-Info.plist"; sourceTree = SOURCE_ROOT; };
		D51FEBD6265A3C0900BA9E0C /* PlayerViewController.swift */ = {isa = PBXFileReference; lastKnownFileType = sourcecode.swift; path = PlayerViewController.swift; sourceTree = "<group>"; };
		D51FEBD8265B4A2900BA9E0C /* Auth.swift */ = {isa = PBXFileReference; lastKnownFileType = sourcecode.swift; path = Auth.swift; sourceTree = "<group>"; };
		D51FEBDA265B5BBA00BA9E0C /* UserViewController.swift */ = {isa = PBXFileReference; lastKnownFileType = sourcecode.swift; path = UserViewController.swift; sourceTree = "<group>"; };
		D55256F626575F9B0047CED1 /* LoginViewController.swift */ = {isa = PBXFileReference; lastKnownFileType = sourcecode.swift; path = LoginViewController.swift; sourceTree = "<group>"; };
		D55256FC265763FD0047CED1 /* RegisterViewController.swift */ = {isa = PBXFileReference; lastKnownFileType = sourcecode.swift; path = RegisterViewController.swift; sourceTree = "<group>"; };
		D55256FF265793580047CED1 /* Helpers.swift */ = {isa = PBXFileReference; lastKnownFileType = sourcecode.swift; path = Helpers.swift; sourceTree = "<group>"; };
		D55257022658D4CB0047CED1 /* User.swift */ = {isa = PBXFileReference; lastKnownFileType = sourcecode.swift; path = User.swift; sourceTree = "<group>"; };
		D5EF037E2650C39800F89662 /* Youtube Music.app */ = {isa = PBXFileReference; explicitFileType = wrapper.application; includeInIndex = 0; path = "Youtube Music.app"; sourceTree = BUILT_PRODUCTS_DIR; };
		D5EF03812650C39800F89662 /* AppDelegate.swift */ = {isa = PBXFileReference; lastKnownFileType = sourcecode.swift; path = AppDelegate.swift; sourceTree = "<group>"; };
		D5EF03832650C39800F89662 /* HomeViewController.swift */ = {isa = PBXFileReference; lastKnownFileType = sourcecode.swift; path = HomeViewController.swift; sourceTree = "<group>"; };
		D5EF03862650C39800F89662 /* Base */ = {isa = PBXFileReference; lastKnownFileType = file.storyboard; name = Base; path = Base.lproj/Main.storyboard; sourceTree = "<group>"; };
		D5EF03882650C42100F89662 /* Assets.xcassets */ = {isa = PBXFileReference; lastKnownFileType = folder.assetcatalog; path = Assets.xcassets; sourceTree = "<group>"; };
		D5EF038B2650C42100F89662 /* Base */ = {isa = PBXFileReference; lastKnownFileType = file.storyboard; name = Base; path = Base.lproj/LaunchScreen.storyboard; sourceTree = "<group>"; };
		D5EF038D2650C42100F89662 /* Info.plist */ = {isa = PBXFileReference; lastKnownFileType = text.plist.xml; path = Info.plist; sourceTree = "<group>"; };
		D5EF03922650C42400F89662 /* Youtube MusicTests.xctest */ = {isa = PBXFileReference; explicitFileType = wrapper.cfbundle; includeInIndex = 0; path = "Youtube MusicTests.xctest"; sourceTree = BUILT_PRODUCTS_DIR; };
		D5EF03962650C42500F89662 /* Youtube_MusicTests.swift */ = {isa = PBXFileReference; lastKnownFileType = sourcecode.swift; path = Youtube_MusicTests.swift; sourceTree = "<group>"; };
		D5EF03982650C42500F89662 /* Info.plist */ = {isa = PBXFileReference; lastKnownFileType = text.plist.xml; path = Info.plist; sourceTree = "<group>"; };
		D5EF039D2650C42500F89662 /* Youtube MusicUITests.xctest */ = {isa = PBXFileReference; explicitFileType = wrapper.cfbundle; includeInIndex = 0; path = "Youtube MusicUITests.xctest"; sourceTree = BUILT_PRODUCTS_DIR; };
		D5EF03A12650C42600F89662 /* Youtube_MusicUITests.swift */ = {isa = PBXFileReference; lastKnownFileType = sourcecode.swift; path = Youtube_MusicUITests.swift; sourceTree = "<group>"; };
		D5EF03A32650C42600F89662 /* Info.plist */ = {isa = PBXFileReference; lastKnownFileType = text.plist.xml; path = Info.plist; sourceTree = "<group>"; };
/* End PBXFileReference section */

/* Begin PBXFrameworksBuildPhase section */
		D5EF037B2650C39700F89662 /* Frameworks */ = {
			isa = PBXFrameworksBuildPhase;
			buildActionMask = 2147483647;
			files = (
				755B7A0E87B8A8291CAC16E9 /* Pods_Youtube_Music.framework in Frameworks */,
			);
			runOnlyForDeploymentPostprocessing = 0;
		};
		D5EF038F2650C42300F89662 /* Frameworks */ = {
			isa = PBXFrameworksBuildPhase;
			buildActionMask = 2147483647;
			files = (
			);
			runOnlyForDeploymentPostprocessing = 0;
		};
		D5EF039A2650C42500F89662 /* Frameworks */ = {
			isa = PBXFrameworksBuildPhase;
			buildActionMask = 2147483647;
			files = (
			);
			runOnlyForDeploymentPostprocessing = 0;
		};
/* End PBXFrameworksBuildPhase section */

/* Begin PBXGroup section */
		47C81E12D29BA61AD4224E0A /* Frameworks */ = {
			isa = PBXGroup;
			children = (
				226201F2E09588CE8EB5708A /* Pods_Youtube_Music.framework */,
			);
			name = Frameworks;
			sourceTree = "<group>";
		};
		97F933D68357B54A3F6A924F /* Pods */ = {
			isa = PBXGroup;
			children = (
				B9CB5C0D5EB75CBA94D0B618 /* Pods-Youtube Music.debug.xcconfig */,
				43D8AC71398B0E4E7682D6F3 /* Pods-Youtube Music.release.xcconfig */,
			);
			path = Pods;
			sourceTree = "<group>";
		};
		D55257012658D45E0047CED1 /* Models */ = {
			isa = PBXGroup;
			children = (
				D55257022658D4CB0047CED1 /* User.swift */,
			);
			path = Models;
			sourceTree = "<group>";
		};
		D5EF03752650C39400F89662 = {
			isa = PBXGroup;
			children = (
				D5EF03802650C39800F89662 /* Youtube Music */,
				D5EF03952650C42500F89662 /* Youtube MusicTests */,
				D5EF03A02650C42500F89662 /* Youtube MusicUITests */,
				D5EF037F2650C39800F89662 /* Products */,
				97F933D68357B54A3F6A924F /* Pods */,
				47C81E12D29BA61AD4224E0A /* Frameworks */,
			);
			sourceTree = "<group>";
		};
		D5EF037F2650C39800F89662 /* Products */ = {
			isa = PBXGroup;
			children = (
				D5EF037E2650C39800F89662 /* Youtube Music.app */,
				D5EF03922650C42400F89662 /* Youtube MusicTests.xctest */,
				D5EF039D2650C42500F89662 /* Youtube MusicUITests.xctest */,
			);
			name = Products;
			sourceTree = "<group>";
		};
		D5EF03802650C39800F89662 /* Youtube Music */ = {
			isa = PBXGroup;
			children = (
				D51FEBD8265B4A2900BA9E0C /* Auth.swift */,
				D55256FF265793580047CED1 /* Helpers.swift */,
				D55256F626575F9B0047CED1 /* LoginViewController.swift */,
				D55256FC265763FD0047CED1 /* RegisterViewController.swift */,
				D5EF03832650C39800F89662 /* HomeViewController.swift */,
				D51FEBDA265B5BBA00BA9E0C /* UserViewController.swift */,
				D51FEBD6265A3C0900BA9E0C /* PlayerViewController.swift */,
				D5EF03852650C39800F89662 /* Main.storyboard */,
				D51FEBD02659EB4C00BA9E0C /* GoogleService-Info.plist */,
				D55257012658D45E0047CED1 /* Models */,
				D5EF03AF2650C5A700F89662 /* Systems */,
			);
			path = "Youtube Music";
			sourceTree = "<group>";
		};
		D5EF03952650C42500F89662 /* Youtube MusicTests */ = {
			isa = PBXGroup;
			children = (
				D5EF03962650C42500F89662 /* Youtube_MusicTests.swift */,
				D5EF03982650C42500F89662 /* Info.plist */,
			);
			path = "Youtube MusicTests";
			sourceTree = "<group>";
		};
		D5EF03A02650C42500F89662 /* Youtube MusicUITests */ = {
			isa = PBXGroup;
			children = (
				D5EF03A12650C42600F89662 /* Youtube_MusicUITests.swift */,
				D5EF03A32650C42600F89662 /* Info.plist */,
			);
			path = "Youtube MusicUITests";
			sourceTree = "<group>";
		};
		D5EF03AF2650C5A700F89662 /* Systems */ = {
			isa = PBXGroup;
			children = (
				D5EF03882650C42100F89662 /* Assets.xcassets */,
				D5EF038A2650C42100F89662 /* LaunchScreen.storyboard */,
				D5EF03812650C39800F89662 /* AppDelegate.swift */,
				D5EF038D2650C42100F89662 /* Info.plist */,
			);
			path = Systems;
			sourceTree = "<group>";
		};
/* End PBXGroup section */

/* Begin PBXNativeTarget section */
		D5EF037D2650C39700F89662 /* Youtube Music */ = {
			isa = PBXNativeTarget;
			buildConfigurationList = D5EF03A62650C42600F89662 /* Build configuration list for PBXNativeTarget "Youtube Music" */;
			buildPhases = (
				DE80CA87F4FD20765DFC7B7F /* [CP] Check Pods Manifest.lock */,
				D5EF037A2650C39700F89662 /* Sources */,
				D5EF037B2650C39700F89662 /* Frameworks */,
				D5EF037C2650C39700F89662 /* Resources */,
				621EB82D80EB5339C467B0FD /* [CP] Embed Pods Frameworks */,
			);
			buildRules = (
			);
			dependencies = (
			);
			name = "Youtube Music";
			productName = "Youtube Music";
			productReference = D5EF037E2650C39800F89662 /* Youtube Music.app */;
			productType = "com.apple.product-type.application";
		};
		D5EF03912650C42300F89662 /* Youtube MusicTests */ = {
			isa = PBXNativeTarget;
			buildConfigurationList = D5EF03A92650C42600F89662 /* Build configuration list for PBXNativeTarget "Youtube MusicTests" */;
			buildPhases = (
				D5EF038E2650C42300F89662 /* Sources */,
				D5EF038F2650C42300F89662 /* Frameworks */,
				D5EF03902650C42300F89662 /* Resources */,
			);
			buildRules = (
			);
			dependencies = (
				D5EF03942650C42400F89662 /* PBXTargetDependency */,
			);
			name = "Youtube MusicTests";
			productName = "Youtube MusicTests";
			productReference = D5EF03922650C42400F89662 /* Youtube MusicTests.xctest */;
			productType = "com.apple.product-type.bundle.unit-test";
		};
		D5EF039C2650C42500F89662 /* Youtube MusicUITests */ = {
			isa = PBXNativeTarget;
			buildConfigurationList = D5EF03AC2650C42600F89662 /* Build configuration list for PBXNativeTarget "Youtube MusicUITests" */;
			buildPhases = (
				D5EF03992650C42500F89662 /* Sources */,
				D5EF039A2650C42500F89662 /* Frameworks */,
				D5EF039B2650C42500F89662 /* Resources */,
			);
			buildRules = (
			);
			dependencies = (
				D5EF039F2650C42500F89662 /* PBXTargetDependency */,
			);
			name = "Youtube MusicUITests";
			productName = "Youtube MusicUITests";
			productReference = D5EF039D2650C42500F89662 /* Youtube MusicUITests.xctest */;
			productType = "com.apple.product-type.bundle.ui-testing";
		};
/* End PBXNativeTarget section */

/* Begin PBXProject section */
		D5EF03762650C39600F89662 /* Project object */ = {
			isa = PBXProject;
			attributes = {
				LastSwiftUpdateCheck = 1030;
				LastUpgradeCheck = 1030;
				ORGANIZATIONNAME = "Trong Hieu";
				TargetAttributes = {
					D5EF037D2650C39700F89662 = {
						CreatedOnToolsVersion = 10.3;
					};
					D5EF03912650C42300F89662 = {
						CreatedOnToolsVersion = 10.3;
						TestTargetID = D5EF037D2650C39700F89662;
					};
					D5EF039C2650C42500F89662 = {
						CreatedOnToolsVersion = 10.3;
						TestTargetID = D5EF037D2650C39700F89662;
					};
				};
			};
			buildConfigurationList = D5EF03792650C39600F89662 /* Build configuration list for PBXProject "Youtube Music" */;
			compatibilityVersion = "Xcode 9.3";
			developmentRegion = en;
			hasScannedForEncodings = 0;
			knownRegions = (
				en,
				Base,
			);
			mainGroup = D5EF03752650C39400F89662;
			productRefGroup = D5EF037F2650C39800F89662 /* Products */;
			projectDirPath = "";
			projectRoot = "";
			targets = (
				D5EF037D2650C39700F89662 /* Youtube Music */,
				D5EF03912650C42300F89662 /* Youtube MusicTests */,
				D5EF039C2650C42500F89662 /* Youtube MusicUITests */,
			);
		};
/* End PBXProject section */

/* Begin PBXResourcesBuildPhase section */
		D5EF037C2650C39700F89662 /* Resources */ = {
			isa = PBXResourcesBuildPhase;
			buildActionMask = 2147483647;
			files = (
				D5EF038C2650C42100F89662 /* LaunchScreen.storyboard in Resources */,
				D51FEBD12659EB4C00BA9E0C /* GoogleService-Info.plist in Resources */,
				D5EF03892650C42100F89662 /* Assets.xcassets in Resources */,
				D5EF03872650C39800F89662 /* Main.storyboard in Resources */,
			);
			runOnlyForDeploymentPostprocessing = 0;
		};
		D5EF03902650C42300F89662 /* Resources */ = {
			isa = PBXResourcesBuildPhase;
			buildActionMask = 2147483647;
			files = (
			);
			runOnlyForDeploymentPostprocessing = 0;
		};
		D5EF039B2650C42500F89662 /* Resources */ = {
			isa = PBXResourcesBuildPhase;
			buildActionMask = 2147483647;
			files = (
			);
			runOnlyForDeploymentPostprocessing = 0;
		};
/* End PBXResourcesBuildPhase section */

/* Begin PBXShellScriptBuildPhase section */
		621EB82D80EB5339C467B0FD /* [CP] Embed Pods Frameworks */ = {
			isa = PBXShellScriptBuildPhase;
			buildActionMask = 2147483647;
			files = (
			);
			inputFileListPaths = (
				"${PODS_ROOT}/Target Support Files/Pods-Youtube Music/Pods-Youtube Music-frameworks-${CONFIGURATION}-input-files.xcfilelist",
			);
			name = "[CP] Embed Pods Frameworks";
			outputFileListPaths = (
				"${PODS_ROOT}/Target Support Files/Pods-Youtube Music/Pods-Youtube Music-frameworks-${CONFIGURATION}-output-files.xcfilelist",
			);
			runOnlyForDeploymentPostprocessing = 0;
			shellPath = /bin/sh;
			shellScript = "\"${PODS_ROOT}/Target Support Files/Pods-Youtube Music/Pods-Youtube Music-frameworks.sh\"\n";
			showEnvVarsInLog = 0;
		};
		DE80CA87F4FD20765DFC7B7F /* [CP] Check Pods Manifest.lock */ = {
			isa = PBXShellScriptBuildPhase;
			buildActionMask = 2147483647;
			files = (
			);
			inputFileListPaths = (
			);
			inputPaths = (
				"${PODS_PODFILE_DIR_PATH}/Podfile.lock",
				"${PODS_ROOT}/Manifest.lock",
			);
			name = "[CP] Check Pods Manifest.lock";
			outputFileListPaths = (
			);
			outputPaths = (
				"$(DERIVED_FILE_DIR)/Pods-Youtube Music-checkManifestLockResult.txt",
			);
			runOnlyForDeploymentPostprocessing = 0;
			shellPath = /bin/sh;
			shellScript = "diff \"${PODS_PODFILE_DIR_PATH}/Podfile.lock\" \"${PODS_ROOT}/Manifest.lock\" > /dev/null\nif [ $? != 0 ] ; then\n    # print error to STDERR\n    echo \"error: The sandbox is not in sync with the Podfile.lock. Run 'pod install' or update your CocoaPods installation.\" >&2\n    exit 1\nfi\n# This output is used by Xcode 'outputs' to avoid re-running this script phase.\necho \"SUCCESS\" > \"${SCRIPT_OUTPUT_FILE_0}\"\n";
			showEnvVarsInLog = 0;
		};
/* End PBXShellScriptBuildPhase section */

/* Begin PBXSourcesBuildPhase section */
		D5EF037A2650C39700F89662 /* Sources */ = {
			isa = PBXSourcesBuildPhase;
			buildActionMask = 2147483647;
			files = (
				D55256F726575F9B0047CED1 /* LoginViewController.swift in Sources */,
				D51FEBDB265B5BBA00BA9E0C /* UserViewController.swift in Sources */,
				D51FEBD7265A3C0900BA9E0C /* PlayerViewController.swift in Sources */,
				D5EF03842650C39800F89662 /* HomeViewController.swift in Sources */,
				D55257032658D4CB0047CED1 /* User.swift in Sources */,
				D5EF03822650C39800F89662 /* AppDelegate.swift in Sources */,
				D5525700265793580047CED1 /* Helpers.swift in Sources */,
				D55256FD265763FD0047CED1 /* RegisterViewController.swift in Sources */,
				D51FEBD9265B4A2900BA9E0C /* Auth.swift in Sources */,
			);
			runOnlyForDeploymentPostprocessing = 0;
		};
		D5EF038E2650C42300F89662 /* Sources */ = {
			isa = PBXSourcesBuildPhase;
			buildActionMask = 2147483647;
			files = (
				D5EF03972650C42500F89662 /* Youtube_MusicTests.swift in Sources */,
			);
			runOnlyForDeploymentPostprocessing = 0;
		};
		D5EF03992650C42500F89662 /* Sources */ = {
			isa = PBXSourcesBuildPhase;
			buildActionMask = 2147483647;
			files = (
				D5EF03A22650C42600F89662 /* Youtube_MusicUITests.swift in Sources */,
			);
			runOnlyForDeploymentPostprocessing = 0;
		};
/* End PBXSourcesBuildPhase section */

/* Begin PBXTargetDependency section */
		D5EF03942650C42400F89662 /* PBXTargetDependency */ = {
			isa = PBXTargetDependency;
			target = D5EF037D2650C39700F89662 /* Youtube Music */;
			targetProxy = D5EF03932650C42400F89662 /* PBXContainerItemProxy */;
		};
		D5EF039F2650C42500F89662 /* PBXTargetDependency */ = {
			isa = PBXTargetDependency;
			target = D5EF037D2650C39700F89662 /* Youtube Music */;
			targetProxy = D5EF039E2650C42500F89662 /* PBXContainerItemProxy */;
		};
/* End PBXTargetDependency section */

/* Begin PBXVariantGroup section */
		D5EF03852650C39800F89662 /* Main.storyboard */ = {
			isa = PBXVariantGroup;
			children = (
				D5EF03862650C39800F89662 /* Base */,
			);
			name = Main.storyboard;
			sourceTree = "<group>";
		};
		D5EF038A2650C42100F89662 /* LaunchScreen.storyboard */ = {
			isa = PBXVariantGroup;
			children = (
				D5EF038B2650C42100F89662 /* Base */,
			);
			name = LaunchScreen.storyboard;
			sourceTree = "<group>";
		};
/* End PBXVariantGroup section */

/* Begin XCBuildConfiguration section */
		D5EF03A42650C42600F89662 /* Debug */ = {
			isa = XCBuildConfiguration;
			buildSettings = {
				ALWAYS_SEARCH_USER_PATHS = NO;
				CLANG_ANALYZER_NONNULL = YES;
				CLANG_ANALYZER_NUMBER_OBJECT_CONVERSION = YES_AGGRESSIVE;
				CLANG_CXX_LANGUAGE_STANDARD = "gnu++14";
				CLANG_CXX_LIBRARY = "libc++";
				CLANG_ENABLE_MODULES = YES;
				CLANG_ENABLE_OBJC_ARC = YES;
				CLANG_ENABLE_OBJC_WEAK = YES;
				CLANG_WARN_BLOCK_CAPTURE_AUTORELEASING = YES;
				CLANG_WARN_BOOL_CONVERSION = YES;
				CLANG_WARN_COMMA = YES;
				CLANG_WARN_CONSTANT_CONVERSION = YES;
				CLANG_WARN_DEPRECATED_OBJC_IMPLEMENTATIONS = YES;
				CLANG_WARN_DIRECT_OBJC_ISA_USAGE = YES_ERROR;
				CLANG_WARN_DOCUMENTATION_COMMENTS = YES;
				CLANG_WARN_EMPTY_BODY = YES;
				CLANG_WARN_ENUM_CONVERSION = YES;
				CLANG_WARN_INFINITE_RECURSION = YES;
				CLANG_WARN_INT_CONVERSION = YES;
				CLANG_WARN_NON_LITERAL_NULL_CONVERSION = YES;
				CLANG_WARN_OBJC_IMPLICIT_RETAIN_SELF = YES;
				CLANG_WARN_OBJC_LITERAL_CONVERSION = YES;
				CLANG_WARN_OBJC_ROOT_CLASS = YES_ERROR;
				CLANG_WARN_RANGE_LOOP_ANALYSIS = YES;
				CLANG_WARN_STRICT_PROTOTYPES = YES;
				CLANG_WARN_SUSPICIOUS_MOVE = YES;
				CLANG_WARN_UNGUARDED_AVAILABILITY = YES_AGGRESSIVE;
				CLANG_WARN_UNREACHABLE_CODE = YES;
				CLANG_WARN__DUPLICATE_METHOD_MATCH = YES;
				CODE_SIGN_IDENTITY = "iPhone Developer";
				COPY_PHASE_STRIP = NO;
				DEBUG_INFORMATION_FORMAT = dwarf;
				ENABLE_STRICT_OBJC_MSGSEND = YES;
				ENABLE_TESTABILITY = YES;
				GCC_C_LANGUAGE_STANDARD = gnu11;
				GCC_DYNAMIC_NO_PIC = NO;
				GCC_NO_COMMON_BLOCKS = YES;
				GCC_OPTIMIZATION_LEVEL = 0;
				GCC_PREPROCESSOR_DEFINITIONS = (
					"DEBUG=1",
					"$(inherited)",
				);
				GCC_WARN_64_TO_32_BIT_CONVERSION = YES;
				GCC_WARN_ABOUT_RETURN_TYPE = YES_ERROR;
				GCC_WARN_UNDECLARED_SELECTOR = YES;
				GCC_WARN_UNINITIALIZED_AUTOS = YES_AGGRESSIVE;
				GCC_WARN_UNUSED_FUNCTION = YES;
				GCC_WARN_UNUSED_VARIABLE = YES;
				IPHONEOS_DEPLOYMENT_TARGET = 12.4;
				MTL_ENABLE_DEBUG_INFO = INCLUDE_SOURCE;
				MTL_FAST_MATH = YES;
				ONLY_ACTIVE_ARCH = YES;
				SDKROOT = iphoneos;
				SWIFT_ACTIVE_COMPILATION_CONDITIONS = DEBUG;
				SWIFT_OPTIMIZATION_LEVEL = "-Onone";
			};
			name = Debug;
		};
		D5EF03A52650C42600F89662 /* Release */ = {
			isa = XCBuildConfiguration;
			buildSettings = {
				ALWAYS_SEARCH_USER_PATHS = NO;
				CLANG_ANALYZER_NONNULL = YES;
				CLANG_ANALYZER_NUMBER_OBJECT_CONVERSION = YES_AGGRESSIVE;
				CLANG_CXX_LANGUAGE_STANDARD = "gnu++14";
				CLANG_CXX_LIBRARY = "libc++";
				CLANG_ENABLE_MODULES = YES;
				CLANG_ENABLE_OBJC_ARC = YES;
				CLANG_ENABLE_OBJC_WEAK = YES;
				CLANG_WARN_BLOCK_CAPTURE_AUTORELEASING = YES;
				CLANG_WARN_BOOL_CONVERSION = YES;
				CLANG_WARN_COMMA = YES;
				CLANG_WARN_CONSTANT_CONVERSION = YES;
				CLANG_WARN_DEPRECATED_OBJC_IMPLEMENTATIONS = YES;
				CLANG_WARN_DIRECT_OBJC_ISA_USAGE = YES_ERROR;
				CLANG_WARN_DOCUMENTATION_COMMENTS = YES;
				CLANG_WARN_EMPTY_BODY = YES;
				CLANG_WARN_ENUM_CONVERSION = YES;
				CLANG_WARN_INFINITE_RECURSION = YES;
				CLANG_WARN_INT_CONVERSION = YES;
				CLANG_WARN_NON_LITERAL_NULL_CONVERSION = YES;
				CLANG_WARN_OBJC_IMPLICIT_RETAIN_SELF = YES;
				CLANG_WARN_OBJC_LITERAL_CONVERSION = YES;
				CLANG_WARN_OBJC_ROOT_CLASS = YES_ERROR;
				CLANG_WARN_RANGE_LOOP_ANALYSIS = YES;
				CLANG_WARN_STRICT_PROTOTYPES = YES;
				CLANG_WARN_SUSPICIOUS_MOVE = YES;
				CLANG_WARN_UNGUARDED_AVAILABILITY = YES_AGGRESSIVE;
				CLANG_WARN_UNREACHABLE_CODE = YES;
				CLANG_WARN__DUPLICATE_METHOD_MATCH = YES;
				CODE_SIGN_IDENTITY = "iPhone Developer";
				COPY_PHASE_STRIP = NO;
				DEBUG_INFORMATION_FORMAT = "dwarf-with-dsym";
				ENABLE_NS_ASSERTIONS = NO;
				ENABLE_STRICT_OBJC_MSGSEND = YES;
				GCC_C_LANGUAGE_STANDARD = gnu11;
				GCC_NO_COMMON_BLOCKS = YES;
				GCC_WARN_64_TO_32_BIT_CONVERSION = YES;
				GCC_WARN_ABOUT_RETURN_TYPE = YES_ERROR;
				GCC_WARN_UNDECLARED_SELECTOR = YES;
				GCC_WARN_UNINITIALIZED_AUTOS = YES_AGGRESSIVE;
				GCC_WARN_UNUSED_FUNCTION = YES;
				GCC_WARN_UNUSED_VARIABLE = YES;
				IPHONEOS_DEPLOYMENT_TARGET = 12.4;
				MTL_ENABLE_DEBUG_INFO = NO;
				MTL_FAST_MATH = YES;
				SDKROOT = iphoneos;
				SWIFT_COMPILATION_MODE = wholemodule;
				SWIFT_OPTIMIZATION_LEVEL = "-O";
				VALIDATE_PRODUCT = YES;
			};
			name = Release;
		};
		D5EF03A72650C42600F89662 /* Debug */ = {
			isa = XCBuildConfiguration;
			baseConfigurationReference = B9CB5C0D5EB75CBA94D0B618 /* Pods-Youtube Music.debug.xcconfig */;
			buildSettings = {
				ASSETCATALOG_COMPILER_APPICON_NAME = AppIcon;
				CODE_SIGN_STYLE = Automatic;
				INFOPLIST_FILE = "$(SRCROOT)/Youtube Music/Systems/Info.plist";
				LD_RUNPATH_SEARCH_PATHS = (
					"$(inherited)",
					"@executable_path/Frameworks",
				);
				PRODUCT_BUNDLE_IDENTIFIER = "com.tronghieuit.Youtube-Music";
				PRODUCT_NAME = "$(TARGET_NAME)";
				SWIFT_VERSION = 5.0;
				TARGETED_DEVICE_FAMILY = "1,2";
			};
			name = Debug;
		};
		D5EF03A82650C42600F89662 /* Release */ = {
			isa = XCBuildConfiguration;
			baseConfigurationReference = 43D8AC71398B0E4E7682D6F3 /* Pods-Youtube Music.release.xcconfig */;
			buildSettings = {
				ASSETCATALOG_COMPILER_APPICON_NAME = AppIcon;
				CODE_SIGN_STYLE = Automatic;
				INFOPLIST_FILE = "$(SRCROOT)/Youtube Music/Systems/Info.plist";
				LD_RUNPATH_SEARCH_PATHS = (
					"$(inherited)",
					"@executable_path/Frameworks",
				);
				PRODUCT_BUNDLE_IDENTIFIER = "com.tronghieuit.Youtube-Music";
				PRODUCT_NAME = "$(TARGET_NAME)";
				SWIFT_VERSION = 5.0;
				TARGETED_DEVICE_FAMILY = "1,2";
			};
			name = Release;
		};
		D5EF03AA2650C42600F89662 /* Debug */ = {
			isa = XCBuildConfiguration;
			buildSettings = {
				ALWAYS_EMBED_SWIFT_STANDARD_LIBRARIES = YES;
				BUNDLE_LOADER = "$(TEST_HOST)";
				CODE_SIGN_STYLE = Automatic;
				INFOPLIST_FILE = "Youtube MusicTests/Info.plist";
				LD_RUNPATH_SEARCH_PATHS = (
					"$(inherited)",
					"@executable_path/Frameworks",
					"@loader_path/Frameworks",
				);
				PRODUCT_BUNDLE_IDENTIFIER = "com.tronghieuit.Youtube-MusicTests";
				PRODUCT_NAME = "$(TARGET_NAME)";
				SWIFT_VERSION = 5.0;
				TARGETED_DEVICE_FAMILY = "1,2";
				TEST_HOST = "$(BUILT_PRODUCTS_DIR)/Youtube Music.app/Youtube Music";
			};
			name = Debug;
		};
		D5EF03AB2650C42600F89662 /* Release */ = {
			isa = XCBuildConfiguration;
			buildSettings = {
				ALWAYS_EMBED_SWIFT_STANDARD_LIBRARIES = YES;
				BUNDLE_LOADER = "$(TEST_HOST)";
				CODE_SIGN_STYLE = Automatic;
				INFOPLIST_FILE = "Youtube MusicTests/Info.plist";
				LD_RUNPATH_SEARCH_PATHS = (
					"$(inherited)",
					"@executable_path/Frameworks",
					"@loader_path/Frameworks",
				);
				PRODUCT_BUNDLE_IDENTIFIER = "com.tronghieuit.Youtube-MusicTests";
				PRODUCT_NAME = "$(TARGET_NAME)";
				SWIFT_VERSION = 5.0;
				TARGETED_DEVICE_FAMILY = "1,2";
				TEST_HOST = "$(BUILT_PRODUCTS_DIR)/Youtube Music.app/Youtube Music";
			};
			name = Release;
		};
		D5EF03AD2650C42600F89662 /* Debug */ = {
			isa = XCBuildConfiguration;
			buildSettings = {
				ALWAYS_EMBED_SWIFT_STANDARD_LIBRARIES = YES;
				CODE_SIGN_STYLE = Automatic;
				INFOPLIST_FILE = "Youtube MusicUITests/Info.plist";
				LD_RUNPATH_SEARCH_PATHS = (
					"$(inherited)",
					"@executable_path/Frameworks",
					"@loader_path/Frameworks",
				);
				PRODUCT_BUNDLE_IDENTIFIER = "com.tronghieuit.Youtube-MusicUITests";
				PRODUCT_NAME = "$(TARGET_NAME)";
				SWIFT_VERSION = 5.0;
				TARGETED_DEVICE_FAMILY = "1,2";
				TEST_TARGET_NAME = "Youtube Music";
			};
			name = Debug;
		};
		D5EF03AE2650C42600F89662 /* Release */ = {
			isa = XCBuildConfiguration;
			buildSettings = {
				ALWAYS_EMBED_SWIFT_STANDARD_LIBRARIES = YES;
				CODE_SIGN_STYLE = Automatic;
				INFOPLIST_FILE = "Youtube MusicUITests/Info.plist";
				LD_RUNPATH_SEARCH_PATHS = (
					"$(inherited)",
					"@executable_path/Frameworks",
					"@loader_path/Frameworks",
				);
				PRODUCT_BUNDLE_IDENTIFIER = "com.tronghieuit.Youtube-MusicUITests";
				PRODUCT_NAME = "$(TARGET_NAME)";
				SWIFT_VERSION = 5.0;
				TARGETED_DEVICE_FAMILY = "1,2";
				TEST_TARGET_NAME = "Youtube Music";
			};
			name = Release;
		};
/* End XCBuildConfiguration section */

/* Begin XCConfigurationList section */
		D5EF03792650C39600F89662 /* Build configuration list for PBXProject "Youtube Music" */ = {
			isa = XCConfigurationList;
			buildConfigurations = (
				D5EF03A42650C42600F89662 /* Debug */,
				D5EF03A52650C42600F89662 /* Release */,
			);
			defaultConfigurationIsVisible = 0;
			defaultConfigurationName = Release;
		};
		D5EF03A62650C42600F89662 /* Build configuration list for PBXNativeTarget "Youtube Music" */ = {
			isa = XCConfigurationList;
			buildConfigurations = (
				D5EF03A72650C42600F89662 /* Debug */,
				D5EF03A82650C42600F89662 /* Release */,
			);
			defaultConfigurationIsVisible = 0;
			defaultConfigurationName = Release;
		};
		D5EF03A92650C42600F89662 /* Build configuration list for PBXNativeTarget "Youtube MusicTests" */ = {
			isa = XCConfigurationList;
			buildConfigurations = (
				D5EF03AA2650C42600F89662 /* Debug */,
				D5EF03AB2650C42600F89662 /* Release */,
			);
			defaultConfigurationIsVisible = 0;
			defaultConfigurationName = Release;
		};
		D5EF03AC2650C42600F89662 /* Build configuration list for PBXNativeTarget "Youtube MusicUITests" */ = {
			isa = XCConfigurationList;
			buildConfigurations = (
				D5EF03AD2650C42600F89662 /* Debug */,
				D5EF03AE2650C42600F89662 /* Release */,
			);
			defaultConfigurationIsVisible = 0;
			defaultConfigurationName = Release;
		};
/* End XCConfigurationList section */
	};
	rootObject = D5EF03762650C39600F89662 /* Project object */;
}
